<Solution>
  <Folder Name="/backend/">
    <Project Path="backend/dnSpy.Backend.Contracts/dnSpy.Backend.Contracts.csproj" />
    <Project Path="backend/dnSpy.Backend.Core/dnSpy.Backend.Core.csproj" />
    <Project Path="backend/dnSpy.Backend.Debugging.CorDebug/dnSpy.Backend.Debugging.CorDebug.csproj" />
    <Project Path="backend/dnSpy.Backend.Host/dnSpy.Backend.Host.csproj" />
  </Folder>
  <Folder Name="/backend/tests/">
    <Project Path="backend/tests/BamlTarget/BamlTarget.csproj" />
    <Project Path="backend/tests/DebugTarget/DebugTarget.csproj" />
    <Project Path="backend/tests/dnSpy.Backend.Tests/dnSpy.Backend.Tests.csproj" />
  </Folder>
</Solution>
